
Microsoft Visual Studio Solution File, Format Version 12.00
# Visual Studio Version 16
VisualStudioVersion = 16.0.31005.135
MinimumVisualStudioVersion = 10.0.40219.1
Project("{FAE04EC0-301F-11D3-BF4B-00C04F79EFBC}") = "AmongUsModManager", "AmongUsModManager\AmongUsModManager.csproj", "{6A0FB6A7-D811-4766-A433-F22AB208D891}"
EndProject
Project("{FAE04EC0-301F-11D3-BF4B-00C04F79EFBC}") = "AUMMUpdater", "AUMMUpdater\AUMMUpdater.csproj", "{1E4CAAC3-B2DB-4530-9FAD-CEEAA0027AFB}"
EndProject
Global
	GlobalSection(SolutionConfigurationPlatforms) = preSolution
		Debug|Any CPU = Debug|Any CPU
		Release|Any CPU = Release|Any CPU
	EndGlobalSection
	GlobalSection(ProjectConfigurationPlatforms) = postSolution
		{6A0FB6A7-D811-4766-A433-F22AB208D891}.Debug|Any CPU.ActiveCfg = Debug|Any CPU
		{6A0FB6A7-D811-4766-A433-F22AB208D891}.Debug|Any CPU.Build.0 = Debug|Any CPU
		{6A0FB6A7-D811-4766-A433-F22AB208D891}.Release|Any CPU.ActiveCfg = Release|Any CPU
		{6A0FB6A7-D811-4766-A433-F22AB208D891}.Release|Any CPU.Build.0 = Release|Any CPU
		{1E4CAAC3-B2DB-4530-9FAD-CEEAA0027AFB}.Debug|Any CPU.ActiveCfg = Debug|Any CPU
		{1E4CAAC3-B2DB-4530-9FAD-CEEAA0027AFB}.Debug|Any CPU.Build.0 = Debug|Any CPU
		{1E4CAAC3-B2DB-4530-9FAD-CEEAA0027AFB}.Release|Any CPU.ActiveCfg = Release|Any CPU
		{1E4CAAC3-B2DB-4530-9FAD-CEEAA0027AFB}.Release|Any CPU.Build.0 = Release|Any CPU
	EndGlobalSection
	GlobalSection(SolutionProperties) = preSolution
		HideSolutionNode = FALSE
	EndGlobalSection
	GlobalSection(ExtensibilityGlobals) = postSolution
		SolutionGuid = {0A2582E7-B579-4A50-963B-7EBFAF8C98E9}
	EndGlobalSection
EndGlobal
